
Microsoft Visual Studio Solution File, Format Version 12.00
# Visual Studio Version 16
VisualStudioVersion = 16.0.31515.178
MinimumVisualStudioVersion = 10.0.40219.1
Project("{FAE04EC0-301F-11D3-BF4B-00C04F79EFBC}") = "WebApiTest", "WebApiTest\WebApiTest.csproj", "{D9DB3D05-EAFA-4579-A9A8-9E55E1A33FBE}"
EndProject
Global
	GlobalSection(SolutionConfigurationPlatforms) = preSolution
		Debug|Any CPU = Debug|Any CPU
		Release|Any CPU = Release|Any CPU
	EndGlobalSection
	GlobalSection(ProjectConfigurationPlatforms) = postSolution
		{D9DB3D05-EAFA-4579-A9A8-9E55E1A33FBE}.Debug|Any CPU.ActiveCfg = Debug|Any CPU
		{D9DB3D05-EAFA-4579-A9A8-9E55E1A33FBE}.Debug|Any CPU.Build.0 = Debug|Any CPU
		{D9DB3D05-EAFA-4579-A9A8-9E55E1A33FBE}.Release|Any CPU.ActiveCfg = Release|Any CPU
		{D9DB3D05-EAFA-4579-A9A8-9E55E1A33FBE}.Release|Any CPU.Build.0 = Release|Any CPU
	EndGlobalSection
	GlobalSection(SolutionProperties) = preSolution
		HideSolutionNode = FALSE
	EndGlobalSection
	GlobalSection(ExtensibilityGlobals) = postSolution
		SolutionGuid = {6A8A1AEF-1AED-47B7-9B7C-0076F6DC68F6}
	EndGlobalSection
EndGlobal
